// !$*UTF8*$!
{
	archiveVersion = 1;
	classes = {
	};
	objectVersion = 48;
	objects = {

/* Begin PBXBuildFile section */
		C8090A73202B1C3000816ED4 /* AppDelegate.swift in Sources */ = {isa = PBXBuildFile; fileRef = C8090A72202B1C3000816ED4 /* AppDelegate.swift */; };
		C8090A78202B1C3000816ED4 /* Main.storyboard in Resources */ = {isa = PBXBuildFile; fileRef = C8090A76202B1C3000816ED4 /* Main.storyboard */; };
		C8090A7A202B1C3000816ED4 /* Assets.xcassets in Resources */ = {isa = PBXBuildFile; fileRef = C8090A79202B1C3000816ED4 /* Assets.xcassets */; };
		C8090A7D202B1C3000816ED4 /* LaunchScreen.storyboard in Resources */ = {isa = PBXBuildFile; fileRef = C8090A7B202B1C3000816ED4 /* LaunchScreen.storyboard */; };
		C8090A88202B1C3000816ED4 /* WorldTrotterTests.swift in Sources */ = {isa = PBXBuildFile; fileRef = C8090A87202B1C3000816ED4 /* WorldTrotterTests.swift */; };
		C8090A93202B1C3000816ED4 /* WorldTrotterUITests.swift in Sources */ = {isa = PBXBuildFile; fileRef = C8090A92202B1C3000816ED4 /* WorldTrotterUITests.swift */; };
		C8090AA1202B6FB100816ED4 /* ConversionViewController.swift in Sources */ = {isa = PBXBuildFile; fileRef = C8090AA0202B6FB100816ED4 /* ConversionViewController.swift */; };
		C8090AA4202DFF4B00816ED4 /* MapKit.framework in Frameworks */ = {isa = PBXBuildFile; fileRef = C8090AA3202DFF4B00816ED4 /* MapKit.framework */; };
		C8090AA6203EFF0500816ED4 /* MapViewController.swift in Sources */ = {isa = PBXBuildFile; fileRef = C8090AA5203EFF0500816ED4 /* MapViewController.swift */; };
/* End PBXBuildFile section */

/* Begin PBXContainerItemProxy section */
		C8090A84202B1C3000816ED4 /* PBXContainerItemProxy */ = {
			isa = PBXContainerItemProxy;
			containerPortal = C8090A67202B1C2F00816ED4 /* Project object */;
			proxyType = 1;
			remoteGlobalIDString = C8090A6E202B1C3000816ED4;
			remoteInfo = WorldTrotter;
		};
		C8090A8F202B1C3000816ED4 /* PBXContainerItemProxy */ = {
			isa = PBXContainerItemProxy;
			containerPortal = C8090A67202B1C2F00816ED4 /* Project object */;
			proxyType = 1;
			remoteGlobalIDString = C8090A6E202B1C3000816ED4;
			remoteInfo = WorldTrotter;
		};
/* End PBXContainerItemProxy section */

/* Begin PBXFileReference section */
		C8090A6F202B1C3000816ED4 /* WorldTrotter.app */ = {isa = PBXFileReference; explicitFileType = wrapper.application; includeInIndex = 0; path = WorldTrotter.app; sourceTree = BUILT_PRODUCTS_DIR; };
		C8090A72202B1C3000816ED4 /* AppDelegate.swift */ = {isa = PBXFileReference; lastKnownFileType = sourcecode.swift; path = AppDelegate.swift; sourceTree = "<group>"; };
		C8090A77202B1C3000816ED4 /* Base */ = {isa = PBXFileReference; lastKnownFileType = file.storyboard; name = Base; path = Base.lproj/Main.storyboard; sourceTree = "<group>"; };
		C8090A79202B1C3000816ED4 /* Assets.xcassets */ = {isa = PBXFileReference; lastKnownFileType = folder.assetcatalog; path = Assets.xcassets; sourceTree = "<group>"; };
		C8090A7C202B1C3000816ED4 /* Base */ = {isa = PBXFileReference; lastKnownFileType = file.storyboard; name = Base; path = Base.lproj/LaunchScreen.storyboard; sourceTree = "<group>"; };
		C8090A7E202B1C3000816ED4 /* Info.plist */ = {isa = PBXFileReference; lastKnownFileType = text.plist.xml; path = Info.plist; sourceTree = "<group>"; };
		C8090A83202B1C3000816ED4 /* WorldTrotterTests.xctest */ = {isa = PBXFileReference; explicitFileType = wrapper.cfbundle; includeInIndex = 0; path = WorldTrotterTests.xctest; sourceTree = BUILT_PRODUCTS_DIR; };
		C8090A87202B1C3000816ED4 /* WorldTrotterTests.swift */ = {isa = PBXFileReference; lastKnownFileType = sourcecode.swift; path = WorldTrotterTests.swift; sourceTree = "<group>"; };
		C8090A89202B1C3000816ED4 /* Info.plist */ = {isa = PBXFileReference; lastKnownFileType = text.plist.xml; path = Info.plist; sourceTree = "<group>"; };
		C8090A8E202B1C3000816ED4 /* WorldTrotterUITests.xctest */ = {isa = PBXFileReference; explicitFileType = wrapper.cfbundle; includeInIndex = 0; path = WorldTrotterUITests.xctest; sourceTree = BUILT_PRODUCTS_DIR; };
		C8090A92202B1C3000816ED4 /* WorldTrotterUITests.swift */ = {isa = PBXFileReference; lastKnownFileType = sourcecode.swift; path = WorldTrotterUITests.swift; sourceTree = "<group>"; };
		C8090A94202B1C3000816ED4 /* Info.plist */ = {isa = PBXFileReference; lastKnownFileType = text.plist.xml; path = Info.plist; sourceTree = "<group>"; };
		C8090AA0202B6FB100816ED4 /* ConversionViewController.swift */ = {isa = PBXFileReference; lastKnownFileType = sourcecode.swift; path = ConversionViewController.swift; sourceTree = "<group>"; };
		C8090AA3202DFF4B00816ED4 /* MapKit.framework */ = {isa = PBXFileReference; lastKnownFileType = wrapper.framework; name = MapKit.framework; path = System/Library/Frameworks/MapKit.framework; sourceTree = SDKROOT; };
		C8090AA5203EFF0500816ED4 /* MapViewController.swift */ = {isa = PBXFileReference; lastKnownFileType = sourcecode.swift; path = MapViewController.swift; sourceTree = "<group>"; };
/* End PBXFileReference section */

/* Begin PBXFrameworksBuildPhase section */
		C8090A6C202B1C3000816ED4 /* Frameworks */ = {
			isa = PBXFrameworksBuildPhase;
			buildActionMask = 2147483647;
			files = (
				C8090AA4202DFF4B00816ED4 /* MapKit.framework in Frameworks */,
			);
			runOnlyForDeploymentPostprocessing = 0;
		};
		C8090A80202B1C3000816ED4 /* Frameworks */ = {
			isa = PBXFrameworksBuildPhase;
			buildActionMask = 2147483647;
			files = (
			);
			runOnlyForDeploymentPostprocessing = 0;
		};
		C8090A8B202B1C3000816ED4 /* Frameworks */ = {
			isa = PBXFrameworksBuildPhase;
			buildActionMask = 2147483647;
			files = (
			);
			runOnlyForDeploymentPostprocessing = 0;
		};
/* End PBXFrameworksBuildPhase section */

/* Begin PBXGroup section */
		C8090A66202B1C2F00816ED4 = {
			isa = PBXGroup;
			children = (
				C8090A71202B1C3000816ED4 /* WorldTrotter */,
				C8090A86202B1C3000816ED4 /* WorldTrotterTests */,
				C8090A91202B1C3000816ED4 /* WorldTrotterUITests */,
				C8090A70202B1C3000816ED4 /* Products */,
				C8090AA2202DFF4B00816ED4 /* Frameworks */,
			);
			sourceTree = "<group>";
		};
		C8090A70202B1C3000816ED4 /* Products */ = {
			isa = PBXGroup;
			children = (
				C8090A6F202B1C3000816ED4 /* WorldTrotter.app */,
				C8090A83202B1C3000816ED4 /* WorldTrotterTests.xctest */,
				C8090A8E202B1C3000816ED4 /* WorldTrotterUITests.xctest */,
			);
			name = Products;
			sourceTree = "<group>";
		};
		C8090A71202B1C3000816ED4 /* WorldTrotter */ = {
			isa = PBXGroup;
			children = (
				C8090A72202B1C3000816ED4 /* AppDelegate.swift */,
				C8090A76202B1C3000816ED4 /* Main.storyboard */,
				C8090A79202B1C3000816ED4 /* Assets.xcassets */,
				C8090A7B202B1C3000816ED4 /* LaunchScreen.storyboard */,
				C8090A7E202B1C3000816ED4 /* Info.plist */,
				C8090AA0202B6FB100816ED4 /* ConversionViewController.swift */,
				C8090AA5203EFF0500816ED4 /* MapViewController.swift */,
			);
			path = WorldTrotter;
			sourceTree = "<group>";
		};
		C8090A86202B1C3000816ED4 /* WorldTrotterTests */ = {
			isa = PBXGroup;
			children = (
				C8090A87202B1C3000816ED4 /* WorldTrotterTests.swift */,
				C8090A89202B1C3000816ED4 /* Info.plist */,
			);
			path = WorldTrotterTests;
			sourceTree = "<group>";
		};
		C8090A91202B1C3000816ED4 /* WorldTrotterUITests */ = {
			isa = PBXGroup;
			children = (
				C8090A92202B1C3000816ED4 /* WorldTrotterUITests.swift */,
				C8090A94202B1C3000816ED4 /* Info.plist */,
			);
			path = WorldTrotterUITests;
			sourceTree = "<group>";
		};
		C8090AA2202DFF4B00816ED4 /* Frameworks */ = {
			isa = PBXGroup;
			children = (
				C8090AA3202DFF4B00816ED4 /* MapKit.framework */,
			);
			name = Frameworks;
			sourceTree = "<group>";
		};
/* End PBXGroup section */

/* Begin PBXNativeTarget section */
		C8090A6E202B1C3000816ED4 /* WorldTrotter */ = {
			isa = PBXNativeTarget;
			buildConfigurationList = C8090A97202B1C3000816ED4 /* Build configuration list for PBXNativeTarget "WorldTrotter" */;
			buildPhases = (
				C8090A6B202B1C3000816ED4 /* Sources */,
				C8090A6C202B1C3000816ED4 /* Frameworks */,
				C8090A6D202B1C3000816ED4 /* Resources */,
			);
			buildRules = (
			);
			dependencies = (
			);
			name = WorldTrotter;
			productName = WorldTrotter;
			productReference = C8090A6F202B1C3000816ED4 /* WorldTrotter.app */;
			productType = "com.apple.product-type.application";
		};
		C8090A82202B1C3000816ED4 /* WorldTrotterTests */ = {
			isa = PBXNativeTarget;
			buildConfigurationList = C8090A9A202B1C3000816ED4 /* Build configuration list for PBXNativeTarget "WorldTrotterTests" */;
			buildPhases = (
				C8090A7F202B1C3000816ED4 /* Sources */,
				C8090A80202B1C3000816ED4 /* Frameworks */,
				C8090A81202B1C3000816ED4 /* Resources */,
			);
			buildRules = (
			);
			dependencies = (
				C8090A85202B1C3000816ED4 /* PBXTargetDependency */,
			);
			name = WorldTrotterTests;
			productName = WorldTrotterTests;
			productReference = C8090A83202B1C3000816ED4 /* WorldTrotterTests.xctest */;
			productType = "com.apple.product-type.bundle.unit-test";
		};
		C8090A8D202B1C3000816ED4 /* WorldTrotterUITests */ = {
			isa = PBXNativeTarget;
			buildConfigurationList = C8090A9D202B1C3000816ED4 /* Build configuration list for PBXNativeTarget "WorldTrotterUITests" */;
			buildPhases = (
				C8090A8A202B1C3000816ED4 /* Sources */,
				C8090A8B202B1C3000816ED4 /* Frameworks */,
				C8090A8C202B1C3000816ED4 /* Resources */,
			);
			buildRules = (
			);
			dependencies = (
				C8090A90202B1C3000816ED4 /* PBXTargetDependency */,
			);
			name = WorldTrotterUITests;
			productName = WorldTrotterUITests;
			productReference = C8090A8E202B1C3000816ED4 /* WorldTrotterUITests.xctest */;
			productType = "com.apple.product-type.bundle.ui-testing";
		};
/* End PBXNativeTarget section */

/* Begin PBXProject section */
		C8090A67202B1C2F00816ED4 /* Project object */ = {
			isa = PBXProject;
			attributes = {
				LastSwiftUpdateCheck = 0920;
				LastUpgradeCheck = 0920;
				ORGANIZATIONNAME = "CAM Software Services";
				TargetAttributes = {
					C8090A6E202B1C3000816ED4 = {
						CreatedOnToolsVersion = 9.2;
						ProvisioningStyle = Automatic;
					};
					C8090A82202B1C3000816ED4 = {
						CreatedOnToolsVersion = 9.2;
						ProvisioningStyle = Automatic;
						TestTargetID = C8090A6E202B1C3000816ED4;
					};
					C8090A8D202B1C3000816ED4 = {
						CreatedOnToolsVersion = 9.2;
						ProvisioningStyle = Automatic;
						TestTargetID = C8090A6E202B1C3000816ED4;
					};
				};
			};
			buildConfigurationList = C8090A6A202B1C2F00816ED4 /* Build configuration list for PBXProject "WorldTrotter" */;
			compatibilityVersion = "Xcode 8.0";
			developmentRegion = en;
			hasScannedForEncodings = 0;
			knownRegions = (
				en,
				Base,
			);
			mainGroup = C8090A66202B1C2F00816ED4;
			productRefGroup = C8090A70202B1C3000816ED4 /* Products */;
			projectDirPath = "";
			projectRoot = "";
			targets = (
				C8090A6E202B1C3000816ED4 /* WorldTrotter */,
				C8090A82202B1C3000816ED4 /* WorldTrotterTests */,
				C8090A8D202B1C3000816ED4 /* WorldTrotterUITests */,
			);
		};
/* End PBXProject section */

/* Begin PBXResourcesBuildPhase section */
		C8090A6D202B1C3000816ED4 /* Resources */ = {
			isa = PBXResourcesBuildPhase;
			buildActionMask = 2147483647;
			files = (
				C8090A7D202B1C3000816ED4 /* LaunchScreen.storyboard in Resources */,
				C8090A7A202B1C3000816ED4 /* Assets.xcassets in Resources */,
				C8090A78202B1C3000816ED4 /* Main.storyboard in Resources */,
			);
			runOnlyForDeploymentPostprocessing = 0;
		};
		C8090A81202B1C3000816ED4 /* Resources */ = {
			isa = PBXResourcesBuildPhase;
			buildActionMask = 2147483647;
			files = (
			);
			runOnlyForDeploymentPostprocessing = 0;
		};
		C8090A8C202B1C3000816ED4 /* Resources */ = {
			isa = PBXResourcesBuildPhase;
			buildActionMask = 2147483647;
			files = (
			);
			runOnlyForDeploymentPostprocessing = 0;
		};
/* End PBXResourcesBuildPhase section */

/* Begin PBXSourcesBuildPhase section */
		C8090A6B202B1C3000816ED4 /* Sources */ = {
			isa = PBXSourcesBuildPhase;
			buildActionMask = 2147483647;
			files = (
				C8090AA1202B6FB100816ED4 /* ConversionViewController.swift in Sources */,
				C8090AA6203EFF0500816ED4 /* MapViewController.swift in Sources */,
				C8090A73202B1C3000816ED4 /* AppDelegate.swift in Sources */,
			);
			runOnlyForDeploymentPostprocessing = 0;
		};
		C8090A7F202B1C3000816ED4 /* Sources */ = {
			isa = PBXSourcesBuildPhase;
			buildActionMask = 2147483647;
			files = (
				C8090A88202B1C3000816ED4 /* WorldTrotterTests.swift in Sources */,
			);
			runOnlyForDeploymentPostprocessing = 0;
		};
		C8090A8A202B1C3000816ED4 /* Sources */ = {
			isa = PBXSourcesBuildPhase;
			buildActionMask = 2147483647;
			files = (
				C8090A93202B1C3000816ED4 /* WorldTrotterUITests.swift in Sources */,
			);
			runOnlyForDeploymentPostprocessing = 0;
		};
/* End PBXSourcesBuildPhase section */

/* Begin PBXTargetDependency section */
		C8090A85202B1C3000816ED4 /* PBXTargetDependency */ = {
			isa = PBXTargetDependency;
			target = C8090A6E202B1C3000816ED4 /* WorldTrotter */;
			targetProxy = C8090A84202B1C3000816ED4 /* PBXContainerItemProxy */;
		};
		C8090A90202B1C3000816ED4 /* PBXTargetDependency */ = {
			isa = PBXTargetDependency;
			target = C8090A6E202B1C3000816ED4 /* WorldTrotter */;
			targetProxy = C8090A8F202B1C3000816ED4 /* PBXContainerItemProxy */;
		};
/* End PBXTargetDependency section */

/* Begin PBXVariantGroup section */
		C8090A76202B1C3000816ED4 /* Main.storyboard */ = {
			isa = PBXVariantGroup;
			children = (
				C8090A77202B1C3000816ED4 /* Base */,
			);
			name = Main.storyboard;
			sourceTree = "<group>";
		};
		C8090A7B202B1C3000816ED4 /* LaunchScreen.storyboard */ = {
			isa = PBXVariantGroup;
			children = (
				C8090A7C202B1C3000816ED4 /* Base */,
			);
			name = LaunchScreen.storyboard;
			sourceTree = "<group>";
		};
/* End PBXVariantGroup section */

/* Begin XCBuildConfiguration section */
		C8090A95202B1C3000816ED4 /* Debug */ = {
			isa = XCBuildConfiguration;
			buildSettings = {
				ALWAYS_SEARCH_USER_PATHS = NO;
				CLANG_ANALYZER_NONNULL = YES;
				CLANG_ANALYZER_NUMBER_OBJECT_CONVERSION = YES_AGGRESSIVE;
				CLANG_CXX_LANGUAGE_STANDARD = "gnu++14";
				CLANG_CXX_LIBRARY = "libc++";
				CLANG_ENABLE_MODULES = YES;
				CLANG_ENABLE_OBJC_ARC = YES;
				CLANG_WARN_BLOCK_CAPTURE_AUTORELEASING = YES;
				CLANG_WARN_BOOL_CONVERSION = YES;
				CLANG_WARN_COMMA = YES;
				CLANG_WARN_CONSTANT_CONVERSION = YES;
				CLANG_WARN_DIRECT_OBJC_ISA_USAGE = YES_ERROR;
				CLANG_WARN_DOCUMENTATION_COMMENTS = YES;
				CLANG_WARN_EMPTY_BODY = YES;
				CLANG_WARN_ENUM_CONVERSION = YES;
				CLANG_WARN_INFINITE_RECURSION = YES;
				CLANG_WARN_INT_CONVERSION = YES;
				CLANG_WARN_NON_LITERAL_NULL_CONVERSION = YES;
				CLANG_WARN_OBJC_LITERAL_CONVERSION = YES;
				CLANG_WARN_OBJC_ROOT_CLASS = YES_ERROR;
				CLANG_WARN_RANGE_LOOP_ANALYSIS = YES;
				CLANG_WARN_STRICT_PROTOTYPES = YES;
				CLANG_WARN_SUSPICIOUS_MOVE = YES;
				CLANG_WARN_UNGUARDED_AVAILABILITY = YES_AGGRESSIVE;
				CLANG_WARN_UNREACHABLE_CODE = YES;
				CLANG_WARN__DUPLICATE_METHOD_MATCH = YES;
				CODE_SIGN_IDENTITY = "iPhone Developer";
				COPY_PHASE_STRIP = NO;
				DEBUG_INFORMATION_FORMAT = dwarf;
				ENABLE_STRICT_OBJC_MSGSEND = YES;
				ENABLE_TESTABILITY = YES;
				GCC_C_LANGUAGE_STANDARD = gnu11;
				GCC_DYNAMIC_NO_PIC = NO;
				GCC_NO_COMMON_BLOCKS = YES;
				GCC_OPTIMIZATION_LEVEL = 0;
				GCC_PREPROCESSOR_DEFINITIONS = (
					"DEBUG=1",
					"$(inherited)",
				);
				GCC_WARN_64_TO_32_BIT_CONVERSION = YES;
				GCC_WARN_ABOUT_RETURN_TYPE = YES_ERROR;
				GCC_WARN_UNDECLARED_SELECTOR = YES;
				GCC_WARN_UNINITIALIZED_AUTOS = YES_AGGRESSIVE;
				GCC_WARN_UNUSED_FUNCTION = YES;
				GCC_WARN_UNUSED_VARIABLE = YES;
				IPHONEOS_DEPLOYMENT_TARGET = 11.2;
				MTL_ENABLE_DEBUG_INFO = YES;
				ONLY_ACTIVE_ARCH = YES;
				SDKROOT = iphoneos;
				SWIFT_ACTIVE_COMPILATION_CONDITIONS = DEBUG;
				SWIFT_OPTIMIZATION_LEVEL = "-Onone";
			};
			name = Debug;
		};
		C8090A96202B1C3000816ED4 /* Release */ = {
			isa = XCBuildConfiguration;
			buildSettings = {
				ALWAYS_SEARCH_USER_PATHS = NO;
				CLANG_ANALYZER_NONNULL = YES;
				CLANG_ANALYZER_NUMBER_OBJECT_CONVERSION = YES_AGGRESSIVE;
				CLANG_CXX_LANGUAGE_STANDARD = "gnu++14";
				CLANG_CXX_LIBRARY = "libc++";
				CLANG_ENABLE_MODULES = YES;
				CLANG_ENABLE_OBJC_ARC = YES;
				CLANG_WARN_BLOCK_CAPTURE_AUTORELEASING = YES;
				CLANG_WARN_BOOL_CONVERSION = YES;
				CLANG_WARN_COMMA = YES;
				CLANG_WARN_CONSTANT_CONVERSION = YES;
				CLANG_WARN_DIRECT_OBJC_ISA_USAGE = YES_ERROR;
				CLANG_WARN_DOCUMENTATION_COMMENTS = YES;
				CLANG_WARN_EMPTY_BODY = YES;
				CLANG_WARN_ENUM_CONVERSION = YES;
				CLANG_WARN_INFINITE_RECURSION = YES;
				CLANG_WARN_INT_CONVERSION = YES;
				CLANG_WARN_NON_LITERAL_NULL_CONVERSION = YES;
				CLANG_WARN_OBJC_LITERAL_CONVERSION = YES;
				CLANG_WARN_OBJC_ROOT_CLASS = YES_ERROR;
				CLANG_WARN_RANGE_LOOP_ANALYSIS = YES;
				CLANG_WARN_STRICT_PROTOTYPES = YES;
				CLANG_WARN_SUSPICIOUS_MOVE = YES;
				CLANG_WARN_UNGUARDED_AVAILABILITY = YES_AGGRESSIVE;
				CLANG_WARN_UNREACHABLE_CODE = YES;
				CLANG_WARN__DUPLICATE_METHOD_MATCH = YES;
				CODE_SIGN_IDENTITY = "iPhone Developer";
				COPY_PHASE_STRIP = NO;
				DEBUG_INFORMATION_FORMAT = "dwarf-with-dsym";
				ENABLE_NS_ASSERTIONS = NO;
				ENABLE_STRICT_OBJC_MSGSEND = YES;
				GCC_C_LANGUAGE_STANDARD = gnu11;
				GCC_NO_COMMON_BLOCKS = YES;
				GCC_WARN_64_TO_32_BIT_CONVERSION = YES;
				GCC_WARN_ABOUT_RETURN_TYPE = YES_ERROR;
				GCC_WARN_UNDECLARED_SELECTOR = YES;
				GCC_WARN_UNINITIALIZED_AUTOS = YES_AGGRESSIVE;
				GCC_WARN_UNUSED_FUNCTION = YES;
				GCC_WARN_UNUSED_VARIABLE = YES;
				IPHONEOS_DEPLOYMENT_TARGET = 11.2;
				MTL_ENABLE_DEBUG_INFO = NO;
				SDKROOT = iphoneos;
				SWIFT_OPTIMIZATION_LEVEL = "-Owholemodule";
				VALIDATE_PRODUCT = YES;
			};
			name = Release;
		};
		C8090A98202B1C3000816ED4 /* Debug */ = {
			isa = XCBuildConfiguration;
			buildSettings = {
				ASSETCATALOG_COMPILER_APPICON_NAME = AppIcon;
				CODE_SIGN_STYLE = Automatic;
				INFOPLIST_FILE = WorldTrotter/Info.plist;
				LD_RUNPATH_SEARCH_PATHS = "$(inherited) @executable_path/Frameworks";
				PRODUCT_BUNDLE_IDENTIFIER = uk.camsw.WorldTrotter;
				PRODUCT_NAME = "$(TARGET_NAME)";
				SWIFT_VERSION = 4.0;
				TARGETED_DEVICE_FAMILY = "1,2";
			};
			name = Debug;
		};
		C8090A99202B1C3000816ED4 /* Release */ = {
			isa = XCBuildConfiguration;
			buildSettings = {
				ASSETCATALOG_COMPILER_APPICON_NAME = AppIcon;
				CODE_SIGN_STYLE = Automatic;
				INFOPLIST_FILE = WorldTrotter/Info.plist;
				LD_RUNPATH_SEARCH_PATHS = "$(inherited) @executable_path/Frameworks";
				PRODUCT_BUNDLE_IDENTIFIER = uk.camsw.WorldTrotter;
				PRODUCT_NAME = "$(TARGET_NAME)";
				SWIFT_VERSION = 4.0;
				TARGETED_DEVICE_FAMILY = "1,2";
			};
			name = Release;
		};
		C8090A9B202B1C3000816ED4 /* Debug */ = {
			isa = XCBuildConfiguration;
			buildSettings = {
				ALWAYS_EMBED_SWIFT_STANDARD_LIBRARIES = YES;
				BUNDLE_LOADER = "$(TEST_HOST)";
				CODE_SIGN_STYLE = Automatic;
				INFOPLIST_FILE = WorldTrotterTests/Info.plist;
				LD_RUNPATH_SEARCH_PATHS = "$(inherited) @executable_path/Frameworks @loader_path/Frameworks";
				PRODUCT_BUNDLE_IDENTIFIER = uk.camsw.WorldTrotterTests;
				PRODUCT_NAME = "$(TARGET_NAME)";
				SWIFT_VERSION = 4.0;
				TARGETED_DEVICE_FAMILY = "1,2";
				TEST_HOST = "$(BUILT_PRODUCTS_DIR)/WorldTrotter.app/WorldTrotter";
			};
			name = Debug;
		};
		C8090A9C202B1C3000816ED4 /* Release */ = {
			isa = XCBuildConfiguration;
			buildSettings = {
				ALWAYS_EMBED_SWIFT_STANDARD_LIBRARIES = YES;
				BUNDLE_LOADER = "$(TEST_HOST)";
				CODE_SIGN_STYLE = Automatic;
				INFOPLIST_FILE = WorldTrotterTests/Info.plist;
				LD_RUNPATH_SEARCH_PATHS = "$(inherited) @executable_path/Frameworks @loader_path/Frameworks";
				PRODUCT_BUNDLE_IDENTIFIER = uk.camsw.WorldTrotterTests;
				PRODUCT_NAME = "$(TARGET_NAME)";
				SWIFT_VERSION = 4.0;
				TARGETED_DEVICE_FAMILY = "1,2";
				TEST_HOST = "$(BUILT_PRODUCTS_DIR)/WorldTrotter.app/WorldTrotter";
			};
			name = Release;
		};
		C8090A9E202B1C3000816ED4 /* Debug */ = {
			isa = XCBuildConfiguration;
			buildSettings = {
				ALWAYS_EMBED_SWIFT_STANDARD_LIBRARIES = YES;
				CODE_SIGN_STYLE = Automatic;
				INFOPLIST_FILE = WorldTrotterUITests/Info.plist;
				LD_RUNPATH_SEARCH_PATHS = "$(inherited) @executable_path/Frameworks @loader_path/Frameworks";
				PRODUCT_BUNDLE_IDENTIFIER = uk.camsw.WorldTrotterUITests;
				PRODUCT_NAME = "$(TARGET_NAME)";
				SWIFT_VERSION = 4.0;
				TARGETED_DEVICE_FAMILY = "1,2";
				TEST_TARGET_NAME = WorldTrotter;
			};
			name = Debug;
		};
		C8090A9F202B1C3000816ED4 /* Release */ = {
			isa = XCBuildConfiguration;
			buildSettings = {
				ALWAYS_EMBED_SWIFT_STANDARD_LIBRARIES = YES;
				CODE_SIGN_STYLE = Automatic;
				INFOPLIST_FILE = WorldTrotterUITests/Info.plist;
				LD_RUNPATH_SEARCH_PATHS = "$(inherited) @executable_path/Frameworks @loader_path/Frameworks";
				PRODUCT_BUNDLE_IDENTIFIER = uk.camsw.WorldTrotterUITests;
				PRODUCT_NAME = "$(TARGET_NAME)";
				SWIFT_VERSION = 4.0;
				TARGETED_DEVICE_FAMILY = "1,2";
				TEST_TARGET_NAME = WorldTrotter;
			};
			name = Release;
		};
/* End XCBuildConfiguration section */

/* Begin XCConfigurationList section */
		C8090A6A202B1C2F00816ED4 /* Build configuration list for PBXProject "WorldTrotter" */ = {
			isa = XCConfigurationList;
			buildConfigurations = (
				C8090A95202B1C3000816ED4 /* Debug */,
				C8090A96202B1C3000816ED4 /* Release */,
			);
			defaultConfigurationIsVisible = 0;
			defaultConfigurationName = Release;
		};
		C8090A97202B1C3000816ED4 /* Build configuration list for PBXNativeTarget "WorldTrotter" */ = {
			isa = XCConfigurationList;
			buildConfigurations = (
				C8090A98202B1C3000816ED4 /* Debug */,
				C8090A99202B1C3000816ED4 /* Release */,
			);
			defaultConfigurationIsVisible = 0;
			defaultConfigurationName = Release;
		};
		C8090A9A202B1C3000816ED4 /* Build configuration list for PBXNativeTarget "WorldTrotterTests" */ = {
			isa = XCConfigurationList;
			buildConfigurations = (
				C8090A9B202B1C3000816ED4 /* Debug */,
				C8090A9C202B1C3000816ED4 /* Release */,
			);
			defaultConfigurationIsVisible = 0;
			defaultConfigurationName = Release;
		};
		C8090A9D202B1C3000816ED4 /* Build configuration list for PBXNativeTarget "WorldTrotterUITests" */ = {
			isa = XCConfigurationList;
			buildConfigurations = (
				C8090A9E202B1C3000816ED4 /* Debug */,
				C8090A9F202B1C3000816ED4 /* Release */,
			);
			defaultConfigurationIsVisible = 0;
			defaultConfigurationName = Release;
		};
/* End XCConfigurationList section */
	};
	rootObject = C8090A67202B1C2F00816ED4 /* Project object */;
}
